{
  "nodes": {
    "home-manager": {
      "inputs": {
        "nixpkgs": [
          "nixpkgs"
        ]
      },
      "locked": {
        "lastModified": 1729844616,
        "narHash": "sha256-LZdokf9Xave80URxsHAZehogjC16dDPBZb285hh5OAM=",
        "owner": "nix-community",
        "repo": "home-manager",
        "rev": "5feb9dba3cc095cd0d5d0d34a39dbee9cc469530",
        "type": "github"
      },
      "original": {
        "owner": "nix-community",
        "ref": "master",
        "repo": "home-manager",
        "type": "github"
      }
    },
    "mvd": {
      "inputs": {
        "nixpkgs": "nixpkgs"
      },
      "locked": {
        "lastModified": 1730477138,
        "narHash": "sha256-EqWsl3a4ShSf0pTDdblRnfvHf4dkfFB8XCMEw33N0ts=",
        "owner": "MrZeLee",
        "repo": "mvd",
        "rev": "9cdfd2f22a4492a22c7f2df878b8b8fad1f94001",
        "type": "github"
      },
      "original": {
        "owner": "MrZeLee",
        "repo": "mvd",
        "type": "github"
      }
    },
    "nix-darwin": {
      "inputs": {
        "nixpkgs": [
          "nixpkgs"
        ]
      },
      "locked": {
        "lastModified": 1729826725,
        "narHash": "sha256-w3WNlYxqWYsuzm/jgFPyhncduoDNjot28aC8j39TW0U=",
        "owner": "LnL7",
        "repo": "nix-darwin",
        "rev": "7840909b00fbd5a183008a6eb251ea307fe4a76e",
        "type": "github"
      },
      "original": {
        "owner": "LnL7",
        "repo": "nix-darwin",
        "type": "github"
      }
    },
    "nixpkgs": {
      "locked": {
        "lastModified": 1730477042,
        "narHash": "sha256-FANHs8mWffETBei7dlPNsk/RjzMIobS0Q2IxrJN8biU=",
        "owner": "NixOS",
        "repo": "nixpkgs",
        "rev": "9cbbfa116008bad9ed00b7c9d7b12c7ee378fe89",
        "type": "github"
      },
      "original": {
        "owner": "NixOS",
        "repo": "nixpkgs",
        "type": "github"
      }
    },
    "nixpkgs_2": {
      "locked": {
        "lastModified": 1729818716,
        "narHash": "sha256-XRfkUsxLzFkMn3Tpstio1gNOIQ+2PZPCKbifJ2IXxlw=",
        "owner": "NixOS",
        "repo": "nixpkgs",
        "rev": "062c4f59744fcffa2e5aa3ef443dc8b4d1674ed6",
        "type": "github"
      },
      "original": {
        "owner": "NixOS",
        "ref": "nixpkgs-unstable",
        "repo": "nixpkgs",
        "type": "github"
      }
    },
    "root": {
      "inputs": {
        "home-manager": "home-manager",
        "mvd": "mvd",
        "nix-darwin": "nix-darwin",
        "nixpkgs": "nixpkgs_2"
      }
    }
  },
  "root": "root",
  "version": 7
}
